{
  "pins" : [
    {
      "identity" : "airship-mobile-framework-proxy",
      "kind" : "remoteSourceControl",
      "location" : "https://github.com/urbanairship/airship-mobile-framework-proxy.git",
      "state" : {
        "revision" : "96acfc297c1bbc9fb58a9af0e80271936e3f0c0c",
        "version" : "15.8.0"
      }
    },
    {
      "identity" : "capacitor-swift-pm",
      "kind" : "remoteSourceControl",
      "location" : "https://github.com/ionic-team/capacitor-swift-pm.git",
      "state" : {
        "branch" : "main",
        "revision" : "f1a8fadf1437c23b825c818fb6509c9dbbae2f61"
      }
    },
    {
      "identity" : "ios-library",
      "kind" : "remoteSourceControl",
      "location" : "https://github.com/urbanairship/ios-library.git",
      "state" : {
        "revision" : "bfd4ce0474bb5ea3e038c270fe35e899482f72bd",
        "version" : "20.7.0"
      }
    }
  ],
  "version" : 2
}
