{
  "originHash" : "dff0573828665ccf9cbba9d4641de62bb2c0bd6951748739340ea724b635bba1",
  "pins" : [
    {
      "identity" : "airship-mobile-framework-proxy",
      "kind" : "remoteSourceControl",
      "location" : "https://github.com/urbanairship/airship-mobile-framework-proxy.git",
      "state" : {
        "revision" : "97bcc5ef33a00da0b4c9bf9e969db06167a49220",
        "version" : "16.0.1"
      }
    },
    {
      "identity" : "capacitor-swift-pm",
      "kind" : "remoteSourceControl",
      "location" : "https://github.com/ionic-team/capacitor-swift-pm.git",
      "state" : {
        "revision" : "f1a8fadf1437c23b825c818fb6509c9dbbae2f61",
        "version" : "8.3.1"
      }
    },
    {
      "identity" : "ios-library",
      "kind" : "remoteSourceControl",
      "location" : "https://github.com/urbanairship/ios-library.git",
      "state" : {
        "revision" : "67cd1cb0c2cfd7f0748d247a876a9ed77181e107",
        "version" : "21.0.2"
      }
    }
  ],
  "version" : 3
}
