{
  "pins" : [
    {
      "identity" : "airship-mobile-framework-proxy",
      "kind" : "remoteSourceControl",
      "location" : "https://github.com/urbanairship/airship-mobile-framework-proxy.git",
      "state" : {
        "revision" : "3a374446d1aa59a1115f886b66f552fa25e00788",
        "version" : "11.0.6"
      }
    },
    {
      "identity" : "capacitor-swift-pm",
      "kind" : "remoteSourceControl",
      "location" : "https://github.com/ionic-team/capacitor-swift-pm.git",
      "state" : {
        "branch" : "main",
        "revision" : "cc2434d9cbc0f17d7a5d9e2f391cb94c7a5925b6"
      }
    },
    {
      "identity" : "ios-library",
      "kind" : "remoteSourceControl",
      "location" : "https://github.com/urbanairship/ios-library.git",
      "state" : {
        "revision" : "fdca25d25a26c9f979f9e2ec739c7e5f298b77ca",
        "version" : "18.12.2"
      }
    }
  ],
  "version" : 2
}
