{
  "originHash" : "59801d589c7f80a0642ff074fe78984227a3c968f86744b5dd0f3ca684245002",
  "pins" : [
    {
      "identity" : "airship-mobile-framework-proxy",
      "kind" : "remoteSourceControl",
      "location" : "https://github.com/urbanairship/airship-mobile-framework-proxy.git",
      "state" : {
        "revision" : "8663d495928dd7e135f58df0f79e357ea4f451db",
        "version" : "15.14.0"
      }
    },
    {
      "identity" : "capacitor-swift-pm",
      "kind" : "remoteSourceControl",
      "location" : "https://github.com/ionic-team/capacitor-swift-pm.git",
      "state" : {
        "revision" : "ba301d2c37bc6d9a67978f81d312597243ab61af",
        "version" : "8.3.2"
      }
    },
    {
      "identity" : "ion-ios-camera",
      "kind" : "remoteSourceControl",
      "location" : "https://github.com/ionic-team/ion-ios-camera.git",
      "state" : {
        "revision" : "2cd4f06b0ece21b6458e23357280c51f94bfceb8",
        "version" : "1.0.4"
      }
    },
    {
      "identity" : "ios-library",
      "kind" : "remoteSourceControl",
      "location" : "https://github.com/urbanairship/ios-library",
      "state" : {
        "revision" : "b7adc1fad1085899fe54f07f83adc7f37e31a30b",
        "version" : "20.11.0"
      }
    }
  ],
  "version" : 3
}
