{
  "originHash" : "59801d589c7f80a0642ff074fe78984227a3c968f86744b5dd0f3ca684245002",
  "pins" : [
    {
      "identity" : "airship-mobile-framework-proxy",
      "kind" : "remoteSourceControl",
      "location" : "https://github.com/urbanairship/airship-mobile-framework-proxy.git",
      "state" : {
        "revision" : "77425d5b85a4a50398ced903c204fb77e2d8c96c",
        "version" : "15.4.0"
      }
    },
    {
      "identity" : "capacitor-swift-pm",
      "kind" : "remoteSourceControl",
      "location" : "https://github.com/ionic-team/capacitor-swift-pm.git",
      "state" : {
        "branch" : "main",
        "revision" : "1f324fe7bdbdc8c5cc28bea48a231545a8c2e823"
      }
    },
    {
      "identity" : "ios-library",
      "kind" : "remoteSourceControl",
      "location" : "https://github.com/urbanairship/ios-library",
      "state" : {
        "revision" : "d07367eb662441e3c8935bde552205b84860d52b",
        "version" : "20.3.1"
      }
    }
  ],
  "version" : 3
}
