{
  "originHash" : "d16a71a5eb8026cba2eb309eda4d38abd23eb5a1da5535f8db2e17a8c435aa44",
  "pins" : [
    {
      "identity" : "airship-mobile-framework-proxy",
      "kind" : "remoteSourceControl",
      "location" : "https://github.com/urbanairship/airship-mobile-framework-proxy.git",
      "state" : {
        "revision" : "97bcc5ef33a00da0b4c9bf9e969db06167a49220",
        "version" : "16.0.1"
      }
    },
    {
      "identity" : "capacitor-swift-pm",
      "kind" : "remoteSourceControl",
      "location" : "https://github.com/ionic-team/capacitor-swift-pm.git",
      "state" : {
        "revision" : "0b6882e9a3288342aacf36348e5a94e4f1dd7b13",
        "version" : "8.5.2"
      }
    },
    {
      "identity" : "ios-library",
      "kind" : "remoteSourceControl",
      "location" : "https://github.com/urbanairship/ios-library.git",
      "state" : {
        "revision" : "67cd1cb0c2cfd7f0748d247a876a9ed77181e107",
        "version" : "21.0.2"
      }
    }
  ],
  "version" : 3
}
